
Microsoft Visual Studio Solution File, Format Version 12.00
# Visual Studio Version 17
VisualStudioVersion = 17.8.34316.72
MinimumVisualStudioVersion = 10.0.40219.1
Project("{9A19103F-16F7-4668-BE54-9A1E7A4F7556}") = "BulkyWeb", "BulkyWeb\BulkyWeb.csproj", "{56F5D081-95E5-4902-859C-E7393B43D060}"
EndProject
Project("{9A19103F-16F7-4668-BE54-9A1E7A4F7556}") = "BulkyWeb_Temp", "BulkyWeb_Temp\BulkyWeb_Temp.csproj", "{9ABD7574-0C6D-4A75-95A6-D60CA217D07D}"
EndProject
Project("{9A19103F-16F7-4668-BE54-9A1E7A4F7556}") = "Bulky.DataAccess", "Bulky.DataAccess\Bulky.DataAccess.csproj", "{1CFD3870-8602-460C-93F9-7B134C229C3F}"
EndProject
Project("{9A19103F-16F7-4668-BE54-9A1E7A4F7556}") = "Bulky.Models", "Bulky.Models\Bulky.Models.csproj", "{26EC2629-C24B-46D4-A13B-D90BA7B909DE}"
EndProject
Project("{9A19103F-16F7-4668-BE54-9A1E7A4F7556}") = "Bulky.Utility", "Bulky.Utility\Bulky.Utility.csproj", "{86084F1A-CFAC-4163-9521-1F3A497BA071}"
EndProject
Global
	GlobalSection(SolutionConfigurationPlatforms) = preSolution
		Debug|Any CPU = Debug|Any CPU
		Release|Any CPU = Release|Any CPU
	EndGlobalSection
	GlobalSection(ProjectConfigurationPlatforms) = postSolution
		{56F5D081-95E5-4902-859C-E7393B43D060}.Debug|Any CPU.ActiveCfg = Debug|Any CPU
		{56F5D081-95E5-4902-859C-E7393B43D060}.Debug|Any CPU.Build.0 = Debug|Any CPU
		{56F5D081-95E5-4902-859C-E7393B43D060}.Release|Any CPU.ActiveCfg = Release|Any CPU
		{56F5D081-95E5-4902-859C-E7393B43D060}.Release|Any CPU.Build.0 = Release|Any CPU
		{9ABD7574-0C6D-4A75-95A6-D60CA217D07D}.Debug|Any CPU.ActiveCfg = Debug|Any CPU
		{9ABD7574-0C6D-4A75-95A6-D60CA217D07D}.Debug|Any CPU.Build.0 = Debug|Any CPU
		{9ABD7574-0C6D-4A75-95A6-D60CA217D07D}.Release|Any CPU.ActiveCfg = Release|Any CPU
		{9ABD7574-0C6D-4A75-95A6-D60CA217D07D}.Release|Any CPU.Build.0 = Release|Any CPU
		{1CFD3870-8602-460C-93F9-7B134C229C3F}.Debug|Any CPU.ActiveCfg = Debug|Any CPU
		{1CFD3870-8602-460C-93F9-7B134C229C3F}.Debug|Any CPU.Build.0 = Debug|Any CPU
		{1CFD3870-8602-460C-93F9-7B134C229C3F}.Release|Any CPU.ActiveCfg = Release|Any CPU
		{1CFD3870-8602-460C-93F9-7B134C229C3F}.Release|Any CPU.Build.0 = Release|Any CPU
		{26EC2629-C24B-46D4-A13B-D90BA7B909DE}.Debug|Any CPU.ActiveCfg = Debug|Any CPU
		{26EC2629-C24B-46D4-A13B-D90BA7B909DE}.Debug|Any CPU.Build.0 = Debug|Any CPU
		{26EC2629-C24B-46D4-A13B-D90BA7B909DE}.Release|Any CPU.ActiveCfg = Release|Any CPU
		{26EC2629-C24B-46D4-A13B-D90BA7B909DE}.Release|Any CPU.Build.0 = Release|Any CPU
		{86084F1A-CFAC-4163-9521-1F3A497BA071}.Debug|Any CPU.ActiveCfg = Debug|Any CPU
		{86084F1A-CFAC-4163-9521-1F3A497BA071}.Debug|Any CPU.Build.0 = Debug|Any CPU
		{86084F1A-CFAC-4163-9521-1F3A497BA071}.Release|Any CPU.ActiveCfg = Release|Any CPU
		{86084F1A-CFAC-4163-9521-1F3A497BA071}.Release|Any CPU.Build.0 = Release|Any CPU
	EndGlobalSection
	GlobalSection(SolutionProperties) = preSolution
		HideSolutionNode = FALSE
	EndGlobalSection
	GlobalSection(ExtensibilityGlobals) = postSolution
		SolutionGuid = {F15E88EE-4C19-4821-AE33-351D3E01F965}
	EndGlobalSection
EndGlobal
